
Microsoft Visual Studio Solution File, Format Version 12.00
# Visual Studio 15
VisualStudioVersion = 15.0.27004.2010
MinimumVisualStudioVersion = 10.0.40219.1
Project("{FAE04EC0-301F-11D3-BF4B-00C04F79EFBC}") = "BingSearchCallNative", "BingSearchCallNative\BingSearchCallNative.csproj", "{AFA8977A-9D4F-438D-9508-2314A08399B5}"
EndProject
Global
	GlobalSection(SolutionConfigurationPlatforms) = preSolution
		Debug|Any CPU = Debug|Any CPU
		Release|Any CPU = Release|Any CPU
	EndGlobalSection
	GlobalSection(ProjectConfigurationPlatforms) = postSolution
		{AFA8977A-9D4F-438D-9508-2314A08399B5}.Debug|Any CPU.ActiveCfg = Debug|Any CPU
		{AFA8977A-9D4F-438D-9508-2314A08399B5}.Debug|Any CPU.Build.0 = Debug|Any CPU
		{AFA8977A-9D4F-438D-9508-2314A08399B5}.Release|Any CPU.ActiveCfg = Release|Any CPU
		{AFA8977A-9D4F-438D-9508-2314A08399B5}.Release|Any CPU.Build.0 = Release|Any CPU
	EndGlobalSection
	GlobalSection(SolutionProperties) = preSolution
		HideSolutionNode = FALSE
	EndGlobalSection
	GlobalSection(ExtensibilityGlobals) = postSolution
		SolutionGuid = {A778C068-CEF8-44A4-A426-1F492B007D1E}
	EndGlobalSection
EndGlobal
